
Microsoft Visual Studio Solution File, Format Version 12.00
# Visual Studio 15
VisualStudioVersion = 15.0.28010.2003
MinimumVisualStudioVersion = 10.0.40219.1
Project("{8BC9CEB8-8B4A-11D0-8D11-00A0C91BC942}") = "Bai TH so 3", "Bai TH so 3\Bai TH so 3.vcxproj", "{DB117661-3958-4A8E-8A79-B68564328516}"
EndProject
Global
	GlobalSection(SolutionConfigurationPlatforms) = preSolution
		Debug|x64 = Debug|x64
		Debug|x86 = Debug|x86
		Release|x64 = Release|x64
		Release|x86 = Release|x86
	EndGlobalSection
	GlobalSection(ProjectConfigurationPlatforms) = postSolution
		{DB117661-3958-4A8E-8A79-B68564328516}.Debug|x64.ActiveCfg = Debug|x64
		{DB117661-3958-4A8E-8A79-B68564328516}.Debug|x64.Build.0 = Debug|x64
		{DB117661-3958-4A8E-8A79-B68564328516}.Debug|x86.ActiveCfg = Debug|Win32
		{DB117661-3958-4A8E-8A79-B68564328516}.Debug|x86.Build.0 = Debug|Win32
		{DB117661-3958-4A8E-8A79-B68564328516}.Release|x64.ActiveCfg = Release|x64
		{DB117661-3958-4A8E-8A79-B68564328516}.Release|x64.Build.0 = Release|x64
		{DB117661-3958-4A8E-8A79-B68564328516}.Release|x86.ActiveCfg = Release|Win32
		{DB117661-3958-4A8E-8A79-B68564328516}.Release|x86.Build.0 = Release|Win32
	EndGlobalSection
	GlobalSection(SolutionProperties) = preSolution
		HideSolutionNode = FALSE
	EndGlobalSection
	GlobalSection(ExtensibilityGlobals) = postSolution
		SolutionGuid = {7ADF5188-0B95-4C56-854A-E9E4A07BFDE9}
	EndGlobalSection
EndGlobal
